
Microsoft Visual Studio Solution File, Format Version 12.00
# Visual Studio Version 16
VisualStudioVersion = 16.0.31129.286
MinimumVisualStudioVersion = 10.0.40219.1
Project("{8BC9CEB8-8B4A-11D0-8D11-00A0C91BC942}") = "MXPython", "MXPython\MXPython.vcxproj", "{7D856E61-1909-441D-9BE2-0CE5DA1BD449}"
EndProject
Project("{8BC9CEB8-8B4A-11D0-8D11-00A0C91BC942}") = "Test", "Test\Test.vcxproj", "{562159BE-D0F7-43A7-B2CF-8C9D05F60BBC}"
EndProject
Global
	GlobalSection(SolutionConfigurationPlatforms) = preSolution
		Debug|x64 = Debug|x64
		Debug|x86 = Debug|x86
		Release|x64 = Release|x64
		Release|x86 = Release|x86
	EndGlobalSection
	GlobalSection(ProjectConfigurationPlatforms) = postSolution
		{7D856E61-1909-441D-9BE2-0CE5DA1BD449}.Debug|x64.ActiveCfg = Debug|x64
		{7D856E61-1909-441D-9BE2-0CE5DA1BD449}.Debug|x64.Build.0 = Debug|x64
		{7D856E61-1909-441D-9BE2-0CE5DA1BD449}.Debug|x86.ActiveCfg = Debug|Win32
		{7D856E61-1909-441D-9BE2-0CE5DA1BD449}.Debug|x86.Build.0 = Debug|Win32
		{7D856E61-1909-441D-9BE2-0CE5DA1BD449}.Release|x64.ActiveCfg = Release|x64
		{7D856E61-1909-441D-9BE2-0CE5DA1BD449}.Release|x64.Build.0 = Release|x64
		{7D856E61-1909-441D-9BE2-0CE5DA1BD449}.Release|x86.ActiveCfg = Release|Win32
		{7D856E61-1909-441D-9BE2-0CE5DA1BD449}.Release|x86.Build.0 = Release|Win32
		{562159BE-D0F7-43A7-B2CF-8C9D05F60BBC}.Debug|x64.ActiveCfg = Debug|x64
		{562159BE-D0F7-43A7-B2CF-8C9D05F60BBC}.Debug|x64.Build.0 = Debug|x64
		{562159BE-D0F7-43A7-B2CF-8C9D05F60BBC}.Debug|x86.ActiveCfg = Debug|Win32
		{562159BE-D0F7-43A7-B2CF-8C9D05F60BBC}.Debug|x86.Build.0 = Debug|Win32
		{562159BE-D0F7-43A7-B2CF-8C9D05F60BBC}.Release|x64.ActiveCfg = Release|x64
		{562159BE-D0F7-43A7-B2CF-8C9D05F60BBC}.Release|x64.Build.0 = Release|x64
		{562159BE-D0F7-43A7-B2CF-8C9D05F60BBC}.Release|x86.ActiveCfg = Release|Win32
		{562159BE-D0F7-43A7-B2CF-8C9D05F60BBC}.Release|x86.Build.0 = Release|Win32
	EndGlobalSection
	GlobalSection(SolutionProperties) = preSolution
		HideSolutionNode = FALSE
	EndGlobalSection
	GlobalSection(ExtensibilityGlobals) = postSolution
		SolutionGuid = {2103F66D-FD49-48DC-990B-82FFFEA165E2}
	EndGlobalSection
EndGlobal
